
Microsoft Visual Studio Solution File, Format Version 12.00
# Visual Studio Version 17
VisualStudioVersion = 17.6.33815.320
MinimumVisualStudioVersion = 10.0.40219.1
Project("{2150E333-8FDC-42A3-9474-1A3956D46DE8}") = "ApiConsume", "ApiConsume", "{72E32063-06BF-460E-AE15-16FE2069728E}"
EndProject
Project("{2150E333-8FDC-42A3-9474-1A3956D46DE8}") = "Frontend", "Frontend", "{B2F9F76C-5F88-4777-A470-05F5820A283F}"
EndProject
Project("{2150E333-8FDC-42A3-9474-1A3956D46DE8}") = "ToDoList", "ToDoList", "{78EDAAB3-6BA5-404F-8493-78D8BB3F9496}"
	ProjectSection(SolutionItems) = preProject
		Adımlar.txt = Adımlar.txt
	EndProjectSection
EndProject
Project("{9A19103F-16F7-4668-BE54-9A1E7A4F7556}") = "HotelProject.WebApi", "ApiConsume\HotelProject.WebApi\HotelProject.WebApi.csproj", "{C622AA26-6739-4F54-8D9D-86727B39094D}"
EndProject
Project("{9A19103F-16F7-4668-BE54-9A1E7A4F7556}") = "HotelProject.EntityLayer", "ApiConsume\HotelProject.EntityLayer\HotelProject.EntityLayer.csproj", "{0CFA26BE-C6AA-4723-9F2B-47D259AD37A4}"
EndProject
Project("{9A19103F-16F7-4668-BE54-9A1E7A4F7556}") = "HotelProject.DataAccessLayer", "ApiConsume\HotelProject.DataAccessLayer\HotelProject.DataAccessLayer.csproj", "{64EE66A2-4628-4215-855D-7F78F7993B07}"
EndProject
Project("{9A19103F-16F7-4668-BE54-9A1E7A4F7556}") = "HotelProject.BusinessLayer", "ApiConsume\HotelProject.BusinessLayer\HotelProject.BusinessLayer.csproj", "{503CBCB8-9B24-4BB0-8D5A-F143252AE77F}"
EndProject
Project("{9A19103F-16F7-4668-BE54-9A1E7A4F7556}") = "HotelProject.DtoLayer", "ApiConsume\HotelProject.DtoLayer\HotelProject.DtoLayer.csproj", "{0439E1EE-6555-4185-9C32-BCB0996C7FE8}"
EndProject
Project("{9A19103F-16F7-4668-BE54-9A1E7A4F7556}") = "HotelProject.WebUI", "Frontend\HotelProject.WebUI\HotelProject.WebUI.csproj", "{296A9C89-C371-4BA0-96DC-1074D58A8954}"
EndProject
Project("{2150E333-8FDC-42A3-9474-1A3956D46DE8}") = "RapidApi", "RapidApi", "{F15EF09B-83A9-4097-9811-49C0B36959FF}"
EndProject
Project("{9A19103F-16F7-4668-BE54-9A1E7A4F7556}") = "RapidApiConsume", "RapidApi\RapidApiConsume\RapidApiConsume.csproj", "{8D182350-4707-41E3-BEF2-147F377F6BF8}"
EndProject
Project("{2150E333-8FDC-42A3-9474-1A3956D46DE8}") = "JwtProject", "JwtProject", "{3DAA71F6-639F-4CAF-A1B9-9BCC7BFB923A}"
EndProject
Project("{FAE04EC0-301F-11D3-BF4B-00C04F79EFBC}") = "WebApiJwt", "JwtProject\WebApiJwt\WebApiJwt.csproj", "{829C720F-93D7-4BFB-B661-58F1855700D9}"
EndProject
Global
	GlobalSection(SolutionConfigurationPlatforms) = preSolution
		Debug|Any CPU = Debug|Any CPU
		Release|Any CPU = Release|Any CPU
	EndGlobalSection
	GlobalSection(ProjectConfigurationPlatforms) = postSolution
		{C622AA26-6739-4F54-8D9D-86727B39094D}.Debug|Any CPU.ActiveCfg = Debug|Any CPU
		{C622AA26-6739-4F54-8D9D-86727B39094D}.Debug|Any CPU.Build.0 = Debug|Any CPU
		{C622AA26-6739-4F54-8D9D-86727B39094D}.Release|Any CPU.ActiveCfg = Release|Any CPU
		{C622AA26-6739-4F54-8D9D-86727B39094D}.Release|Any CPU.Build.0 = Release|Any CPU
		{0CFA26BE-C6AA-4723-9F2B-47D259AD37A4}.Debug|Any CPU.ActiveCfg = Debug|Any CPU
		{0CFA26BE-C6AA-4723-9F2B-47D259AD37A4}.Debug|Any CPU.Build.0 = Debug|Any CPU
		{0CFA26BE-C6AA-4723-9F2B-47D259AD37A4}.Release|Any CPU.ActiveCfg = Release|Any CPU
		{0CFA26BE-C6AA-4723-9F2B-47D259AD37A4}.Release|Any CPU.Build.0 = Release|Any CPU
		{64EE66A2-4628-4215-855D-7F78F7993B07}.Debug|Any CPU.ActiveCfg = Debug|Any CPU
		{64EE66A2-4628-4215-855D-7F78F7993B07}.Debug|Any CPU.Build.0 = Debug|Any CPU
		{64EE66A2-4628-4215-855D-7F78F7993B07}.Release|Any CPU.ActiveCfg = Release|Any CPU
		{64EE66A2-4628-4215-855D-7F78F7993B07}.Release|Any CPU.Build.0 = Release|Any CPU
		{503CBCB8-9B24-4BB0-8D5A-F143252AE77F}.Debug|Any CPU.ActiveCfg = Debug|Any CPU
		{503CBCB8-9B24-4BB0-8D5A-F143252AE77F}.Debug|Any CPU.Build.0 = Debug|Any CPU
		{503CBCB8-9B24-4BB0-8D5A-F143252AE77F}.Release|Any CPU.ActiveCfg = Release|Any CPU
		{503CBCB8-9B24-4BB0-8D5A-F143252AE77F}.Release|Any CPU.Build.0 = Release|Any CPU
		{0439E1EE-6555-4185-9C32-BCB0996C7FE8}.Debug|Any CPU.ActiveCfg = Debug|Any CPU
		{0439E1EE-6555-4185-9C32-BCB0996C7FE8}.Debug|Any CPU.Build.0 = Debug|Any CPU
		{0439E1EE-6555-4185-9C32-BCB0996C7FE8}.Release|Any CPU.ActiveCfg = Release|Any CPU
		{0439E1EE-6555-4185-9C32-BCB0996C7FE8}.Release|Any CPU.Build.0 = Release|Any CPU
		{296A9C89-C371-4BA0-96DC-1074D58A8954}.Debug|Any CPU.ActiveCfg = Debug|Any CPU
		{296A9C89-C371-4BA0-96DC-1074D58A8954}.Debug|Any CPU.Build.0 = Debug|Any CPU
		{296A9C89-C371-4BA0-96DC-1074D58A8954}.Release|Any CPU.ActiveCfg = Release|Any CPU
		{296A9C89-C371-4BA0-96DC-1074D58A8954}.Release|Any CPU.Build.0 = Release|Any CPU
		{8D182350-4707-41E3-BEF2-147F377F6BF8}.Debug|Any CPU.ActiveCfg = Debug|Any CPU
		{8D182350-4707-41E3-BEF2-147F377F6BF8}.Debug|Any CPU.Build.0 = Debug|Any CPU
		{8D182350-4707-41E3-BEF2-147F377F6BF8}.Release|Any CPU.ActiveCfg = Release|Any CPU
		{8D182350-4707-41E3-BEF2-147F377F6BF8}.Release|Any CPU.Build.0 = Release|Any CPU
		{829C720F-93D7-4BFB-B661-58F1855700D9}.Debug|Any CPU.ActiveCfg = Debug|Any CPU
		{829C720F-93D7-4BFB-B661-58F1855700D9}.Debug|Any CPU.Build.0 = Debug|Any CPU
		{829C720F-93D7-4BFB-B661-58F1855700D9}.Release|Any CPU.ActiveCfg = Release|Any CPU
		{829C720F-93D7-4BFB-B661-58F1855700D9}.Release|Any CPU.Build.0 = Release|Any CPU
	EndGlobalSection
	GlobalSection(SolutionProperties) = preSolution
		HideSolutionNode = FALSE
	EndGlobalSection
	GlobalSection(NestedProjects) = preSolution
		{C622AA26-6739-4F54-8D9D-86727B39094D} = {72E32063-06BF-460E-AE15-16FE2069728E}
		{0CFA26BE-C6AA-4723-9F2B-47D259AD37A4} = {72E32063-06BF-460E-AE15-16FE2069728E}
		{64EE66A2-4628-4215-855D-7F78F7993B07} = {72E32063-06BF-460E-AE15-16FE2069728E}
		{503CBCB8-9B24-4BB0-8D5A-F143252AE77F} = {72E32063-06BF-460E-AE15-16FE2069728E}
		{0439E1EE-6555-4185-9C32-BCB0996C7FE8} = {72E32063-06BF-460E-AE15-16FE2069728E}
		{296A9C89-C371-4BA0-96DC-1074D58A8954} = {B2F9F76C-5F88-4777-A470-05F5820A283F}
		{8D182350-4707-41E3-BEF2-147F377F6BF8} = {F15EF09B-83A9-4097-9811-49C0B36959FF}
		{829C720F-93D7-4BFB-B661-58F1855700D9} = {3DAA71F6-639F-4CAF-A1B9-9BCC7BFB923A}
	EndGlobalSection
	GlobalSection(ExtensibilityGlobals) = postSolution
		SolutionGuid = {8777FAFC-430C-419F-A4A9-72676E987165}
	EndGlobalSection
EndGlobal
